// !$*UTF8*$!
{
	archiveVersion = 1;
	classes = {
	};
	objectVersion = 46;
	objects = {

/* Begin PBXBuildFile section */
		38797A6461E797726D38D690 /* libPods-PaadamRandu.a in Frameworks */ = {isa = PBXBuildFile; fileRef = 9E0A65992863010C4E88EEC6 /* libPods-PaadamRandu.a */; };
		B8320B587C53624BE0D7BEE4 /* libPods-PaadamRanduTests.a in Frameworks */ = {isa = PBXBuildFile; fileRef = 17636E2BF4B63793B5EC42CF /* libPods-PaadamRanduTests.a */; };
		ED2977881B2CCD7200A9E9DE /* PRLearnLevelViewController.m in Sources */ = {isa = PBXBuildFile; fileRef = ED2977871B2CCD7200A9E9DE /* PRLearnLevelViewController.m */; };
		ED29778C1B2CCF2000A9E9DE /* PRLearnAreaViewController.m in Sources */ = {isa = PBXBuildFile; fileRef = ED29778A1B2CCF2000A9E9DE /* PRLearnAreaViewController.m */; };
		ED29778D1B2CCF2000A9E9DE /* PRLearnAreaViewController.xib in Resources */ = {isa = PBXBuildFile; fileRef = ED29778B1B2CCF2000A9E9DE /* PRLearnAreaViewController.xib */; };
		ED58CBA11B2C914B00E2ACF9 /* main.m in Sources */ = {isa = PBXBuildFile; fileRef = ED58CBA01B2C914B00E2ACF9 /* main.m */; };
		ED58CBA41B2C914B00E2ACF9 /* AppDelegate.m in Sources */ = {isa = PBXBuildFile; fileRef = ED58CBA31B2C914B00E2ACF9 /* AppDelegate.m */; };
		ED58CBA71B2C914B00E2ACF9 /* PaadamRandu.xcdatamodeld in Sources */ = {isa = PBXBuildFile; fileRef = ED58CBA51B2C914B00E2ACF9 /* PaadamRandu.xcdatamodeld */; };
		ED58CBAD1B2C914B00E2ACF9 /* Main.storyboard in Resources */ = {isa = PBXBuildFile; fileRef = ED58CBAB1B2C914B00E2ACF9 /* Main.storyboard */; };
		ED58CBAF1B2C914B00E2ACF9 /* Images.xcassets in Resources */ = {isa = PBXBuildFile; fileRef = ED58CBAE1B2C914B00E2ACF9 /* Images.xcassets */; };
		ED58CBB21B2C914B00E2ACF9 /* LaunchScreen.xib in Resources */ = {isa = PBXBuildFile; fileRef = ED58CBB01B2C914B00E2ACF9 /* LaunchScreen.xib */; };
		ED58CBBE1B2C914B00E2ACF9 /* PaadamRanduTests.m in Sources */ = {isa = PBXBuildFile; fileRef = ED58CBBD1B2C914B00E2ACF9 /* PaadamRanduTests.m */; };
		EDAB132E1B2C9F50005F80E0 /* PRPlayLevelViewController.m in Sources */ = {isa = PBXBuildFile; fileRef = EDAB132D1B2C9F50005F80E0 /* PRPlayLevelViewController.m */; };
		EDAB13331B2CA064005F80E0 /* PRMainMenuCells.m in Sources */ = {isa = PBXBuildFile; fileRef = EDAB13311B2CA064005F80E0 /* PRMainMenuCells.m */; };
		EDAB13341B2CA064005F80E0 /* PRMainMenuCells.xib in Resources */ = {isa = PBXBuildFile; fileRef = EDAB13321B2CA064005F80E0 /* PRMainMenuCells.xib */; };
		EDAB13381B2CA0D4005F80E0 /* PRPlayAreaMainViewController.m in Sources */ = {isa = PBXBuildFile; fileRef = EDAB13361B2CA0D4005F80E0 /* PRPlayAreaMainViewController.m */; };
		EDAB13391B2CA0D4005F80E0 /* PRPlayAreaMainViewController.xib in Resources */ = {isa = PBXBuildFile; fileRef = EDAB13371B2CA0D4005F80E0 /* PRPlayAreaMainViewController.xib */; };
/* End PBXBuildFile section */

/* Begin PBXContainerItemProxy section */
		ED58CBB81B2C914B00E2ACF9 /* PBXContainerItemProxy */ = {
			isa = PBXContainerItemProxy;
			containerPortal = ED58CB931B2C914B00E2ACF9 /* Project object */;
			proxyType = 1;
			remoteGlobalIDString = ED58CB9A1B2C914B00E2ACF9;
			remoteInfo = PaadamRandu;
		};
/* End PBXContainerItemProxy section */

/* Begin PBXFileReference section */
		0AE572311B1F96A3B34E112E /* Pods-PaadamRandu.release.xcconfig */ = {isa = PBXFileReference; includeInIndex = 1; lastKnownFileType = text.xcconfig; name = "Pods-PaadamRandu.release.xcconfig"; path = "Pods/Target Support Files/Pods-PaadamRandu/Pods-PaadamRandu.release.xcconfig"; sourceTree = "<group>"; };
		17636E2BF4B63793B5EC42CF /* libPods-PaadamRanduTests.a */ = {isa = PBXFileReference; explicitFileType = archive.ar; includeInIndex = 0; path = "libPods-PaadamRanduTests.a"; sourceTree = BUILT_PRODUCTS_DIR; };
		31A4C33930687E143AA2AA7C /* Pods-PaadamRanduTests.debug.xcconfig */ = {isa = PBXFileReference; includeInIndex = 1; lastKnownFileType = text.xcconfig; name = "Pods-PaadamRanduTests.debug.xcconfig"; path = "Pods/Target Support Files/Pods-PaadamRanduTests/Pods-PaadamRanduTests.debug.xcconfig"; sourceTree = "<group>"; };
		7DCB0B33EB39D965E7A31EDC /* Pods-PaadamRanduTests.release.xcconfig */ = {isa = PBXFileReference; includeInIndex = 1; lastKnownFileType = text.xcconfig; name = "Pods-PaadamRanduTests.release.xcconfig"; path = "Pods/Target Support Files/Pods-PaadamRanduTests/Pods-PaadamRanduTests.release.xcconfig"; sourceTree = "<group>"; };
		8C2C024C2506F6250EE1CEBA /* Pods-PaadamRandu.debug.xcconfig */ = {isa = PBXFileReference; includeInIndex = 1; lastKnownFileType = text.xcconfig; name = "Pods-PaadamRandu.debug.xcconfig"; path = "Pods/Target Support Files/Pods-PaadamRandu/Pods-PaadamRandu.debug.xcconfig"; sourceTree = "<group>"; };
		9E0A65992863010C4E88EEC6 /* libPods-PaadamRandu.a */ = {isa = PBXFileReference; explicitFileType = archive.ar; includeInIndex = 0; path = "libPods-PaadamRandu.a"; sourceTree = BUILT_PRODUCTS_DIR; };
		ED2977861B2CCD7200A9E9DE /* PRLearnLevelViewController.h */ = {isa = PBXFileReference; fileEncoding = 4; lastKnownFileType = sourcecode.c.h; path = PRLearnLevelViewController.h; sourceTree = "<group>"; };
		ED2977871B2CCD7200A9E9DE /* PRLearnLevelViewController.m */ = {isa = PBXFileReference; fileEncoding = 4; lastKnownFileType = sourcecode.c.objc; path = PRLearnLevelViewController.m; sourceTree = "<group>"; };
		ED2977891B2CCF2000A9E9DE /* PRLearnAreaViewController.h */ = {isa = PBXFileReference; fileEncoding = 4; lastKnownFileType = sourcecode.c.h; path = PRLearnAreaViewController.h; sourceTree = "<group>"; };
		ED29778A1B2CCF2000A9E9DE /* PRLearnAreaViewController.m */ = {isa = PBXFileReference; fileEncoding = 4; lastKnownFileType = sourcecode.c.objc; path = PRLearnAreaViewController.m; sourceTree = "<group>"; };
		ED29778B1B2CCF2000A9E9DE /* PRLearnAreaViewController.xib */ = {isa = PBXFileReference; fileEncoding = 4; lastKnownFileType = file.xib; path = PRLearnAreaViewController.xib; sourceTree = "<group>"; };
		ED58CB9B1B2C914B00E2ACF9 /* PaadamRandu.app */ = {isa = PBXFileReference; explicitFileType = wrapper.application; includeInIndex = 0; path = PaadamRandu.app; sourceTree = BUILT_PRODUCTS_DIR; };
		ED58CB9F1B2C914B00E2ACF9 /* Info.plist */ = {isa = PBXFileReference; lastKnownFileType = text.plist.xml; path = Info.plist; sourceTree = "<group>"; };
		ED58CBA01B2C914B00E2ACF9 /* main.m */ = {isa = PBXFileReference; lastKnownFileType = sourcecode.c.objc; path = main.m; sourceTree = "<group>"; };
		ED58CBA21B2C914B00E2ACF9 /* AppDelegate.h */ = {isa = PBXFileReference; lastKnownFileType = sourcecode.c.h; path = AppDelegate.h; sourceTree = "<group>"; };
		ED58CBA31B2C914B00E2ACF9 /* AppDelegate.m */ = {isa = PBXFileReference; lastKnownFileType = sourcecode.c.objc; path = AppDelegate.m; sourceTree = "<group>"; };
		ED58CBA61B2C914B00E2ACF9 /* PaadamRandu.xcdatamodel */ = {isa = PBXFileReference; lastKnownFileType = wrapper.xcdatamodel; path = PaadamRandu.xcdatamodel; sourceTree = "<group>"; };
		ED58CBAC1B2C914B00E2ACF9 /* Base */ = {isa = PBXFileReference; lastKnownFileType = file.storyboard; name = Base; path = Base.lproj/Main.storyboard; sourceTree = "<group>"; };
		ED58CBAE1B2C914B00E2ACF9 /* Images.xcassets */ = {isa = PBXFileReference; lastKnownFileType = folder.assetcatalog; path = Images.xcassets; sourceTree = "<group>"; };
		ED58CBB11B2C914B00E2ACF9 /* Base */ = {isa = PBXFileReference; lastKnownFileType = file.xib; name = Base; path = Base.lproj/LaunchScreen.xib; sourceTree = "<group>"; };
		ED58CBB71B2C914B00E2ACF9 /* PaadamRanduTests.xctest */ = {isa = PBXFileReference; explicitFileType = wrapper.cfbundle; includeInIndex = 0; path = PaadamRanduTests.xctest; sourceTree = BUILT_PRODUCTS_DIR; };
		ED58CBBC1B2C914B00E2ACF9 /* Info.plist */ = {isa = PBXFileReference; lastKnownFileType = text.plist.xml; path = Info.plist; sourceTree = "<group>"; };
		ED58CBBD1B2C914B00E2ACF9 /* PaadamRanduTests.m */ = {isa = PBXFileReference; lastKnownFileType = sourcecode.c.objc; path = PaadamRanduTests.m; sourceTree = "<group>"; };
		EDAB132C1B2C9F50005F80E0 /* PRPlayLevelViewController.h */ = {isa = PBXFileReference; fileEncoding = 4; lastKnownFileType = sourcecode.c.h; path = PRPlayLevelViewController.h; sourceTree = "<group>"; };
		EDAB132D1B2C9F50005F80E0 /* PRPlayLevelViewController.m */ = {isa = PBXFileReference; fileEncoding = 4; lastKnownFileType = sourcecode.c.objc; path = PRPlayLevelViewController.m; sourceTree = "<group>"; };
		EDAB13301B2CA064005F80E0 /* PRMainMenuCells.h */ = {isa = PBXFileReference; fileEncoding = 4; lastKnownFileType = sourcecode.c.h; path = PRMainMenuCells.h; sourceTree = "<group>"; };
		EDAB13311B2CA064005F80E0 /* PRMainMenuCells.m */ = {isa = PBXFileReference; fileEncoding = 4; lastKnownFileType = sourcecode.c.objc; path = PRMainMenuCells.m; sourceTree = "<group>"; };
		EDAB13321B2CA064005F80E0 /* PRMainMenuCells.xib */ = {isa = PBXFileReference; fileEncoding = 4; lastKnownFileType = file.xib; path = PRMainMenuCells.xib; sourceTree = "<group>"; };
		EDAB13351B2CA0D4005F80E0 /* PRPlayAreaMainViewController.h */ = {isa = PBXFileReference; fileEncoding = 4; lastKnownFileType = sourcecode.c.h; path = PRPlayAreaMainViewController.h; sourceTree = "<group>"; };
		EDAB13361B2CA0D4005F80E0 /* PRPlayAreaMainViewController.m */ = {isa = PBXFileReference; fileEncoding = 4; lastKnownFileType = sourcecode.c.objc; path = PRPlayAreaMainViewController.m; sourceTree = "<group>"; };
		EDAB13371B2CA0D4005F80E0 /* PRPlayAreaMainViewController.xib */ = {isa = PBXFileReference; fileEncoding = 4; lastKnownFileType = file.xib; path = PRPlayAreaMainViewController.xib; sourceTree = "<group>"; };
/* End PBXFileReference section */

/* Begin PBXFrameworksBuildPhase section */
		ED58CB981B2C914B00E2ACF9 /* Frameworks */ = {
			isa = PBXFrameworksBuildPhase;
			buildActionMask = 2147483647;
			files = (
				38797A6461E797726D38D690 /* libPods-PaadamRandu.a in Frameworks */,
			);
			runOnlyForDeploymentPostprocessing = 0;
		};
		ED58CBB41B2C914B00E2ACF9 /* Frameworks */ = {
			isa = PBXFrameworksBuildPhase;
			buildActionMask = 2147483647;
			files = (
				B8320B587C53624BE0D7BEE4 /* libPods-PaadamRanduTests.a in Frameworks */,
			);
			runOnlyForDeploymentPostprocessing = 0;
		};
/* End PBXFrameworksBuildPhase section */

/* Begin PBXGroup section */
		D1EB3452E46457B60ECD5A99 /* Pods */ = {
			isa = PBXGroup;
			children = (
				8C2C024C2506F6250EE1CEBA /* Pods-PaadamRandu.debug.xcconfig */,
				0AE572311B1F96A3B34E112E /* Pods-PaadamRandu.release.xcconfig */,
				31A4C33930687E143AA2AA7C /* Pods-PaadamRanduTests.debug.xcconfig */,
				7DCB0B33EB39D965E7A31EDC /* Pods-PaadamRanduTests.release.xcconfig */,
			);
			name = Pods;
			sourceTree = "<group>";
		};
		ED09121CB38DC5091520372B /* Frameworks */ = {
			isa = PBXGroup;
			children = (
				9E0A65992863010C4E88EEC6 /* libPods-PaadamRandu.a */,
				17636E2BF4B63793B5EC42CF /* libPods-PaadamRanduTests.a */,
			);
			name = Frameworks;
			sourceTree = "<group>";
		};
		ED58CB921B2C914B00E2ACF9 = {
			isa = PBXGroup;
			children = (
				ED58CB9D1B2C914B00E2ACF9 /* PaadamRandu */,
				ED58CBBA1B2C914B00E2ACF9 /* PaadamRanduTests */,
				ED58CB9C1B2C914B00E2ACF9 /* Products */,
				D1EB3452E46457B60ECD5A99 /* Pods */,
				ED09121CB38DC5091520372B /* Frameworks */,
			);
			sourceTree = "<group>";
		};
		ED58CB9C1B2C914B00E2ACF9 /* Products */ = {
			isa = PBXGroup;
			children = (
				ED58CB9B1B2C914B00E2ACF9 /* PaadamRandu.app */,
				ED58CBB71B2C914B00E2ACF9 /* PaadamRanduTests.xctest */,
			);
			name = Products;
			sourceTree = "<group>";
		};
		ED58CB9D1B2C914B00E2ACF9 /* PaadamRandu */ = {
			isa = PBXGroup;
			children = (
				EDAB132F1B2CA040005F80E0 /* Cells */,
				EDAB132B1B2C9EE3005F80E0 /* Learn */,
				EDAB132A1B2C9EDA005F80E0 /* Play */,
				ED58CBA21B2C914B00E2ACF9 /* AppDelegate.h */,
				ED58CBA31B2C914B00E2ACF9 /* AppDelegate.m */,
				ED58CBAB1B2C914B00E2ACF9 /* Main.storyboard */,
				ED58CBAE1B2C914B00E2ACF9 /* Images.xcassets */,
				ED58CBB01B2C914B00E2ACF9 /* LaunchScreen.xib */,
				ED58CBA51B2C914B00E2ACF9 /* PaadamRandu.xcdatamodeld */,
				ED58CB9E1B2C914B00E2ACF9 /* Supporting Files */,
			);
			path = PaadamRandu;
			sourceTree = "<group>";
		};
		ED58CB9E1B2C914B00E2ACF9 /* Supporting Files */ = {
			isa = PBXGroup;
			children = (
				ED58CB9F1B2C914B00E2ACF9 /* Info.plist */,
				ED58CBA01B2C914B00E2ACF9 /* main.m */,
			);
			name = "Supporting Files";
			sourceTree = "<group>";
		};
		ED58CBBA1B2C914B00E2ACF9 /* PaadamRanduTests */ = {
			isa = PBXGroup;
			children = (
				ED58CBBD1B2C914B00E2ACF9 /* PaadamRanduTests.m */,
				ED58CBBB1B2C914B00E2ACF9 /* Supporting Files */,
			);
			path = PaadamRanduTests;
			sourceTree = "<group>";
		};
		ED58CBBB1B2C914B00E2ACF9 /* Supporting Files */ = {
			isa = PBXGroup;
			children = (
				ED58CBBC1B2C914B00E2ACF9 /* Info.plist */,
			);
			name = "Supporting Files";
			sourceTree = "<group>";
		};
		EDAB132A1B2C9EDA005F80E0 /* Play */ = {
			isa = PBXGroup;
			children = (
				EDAB132C1B2C9F50005F80E0 /* PRPlayLevelViewController.h */,
				EDAB132D1B2C9F50005F80E0 /* PRPlayLevelViewController.m */,
				EDAB13351B2CA0D4005F80E0 /* PRPlayAreaMainViewController.h */,
				EDAB13361B2CA0D4005F80E0 /* PRPlayAreaMainViewController.m */,
				EDAB13371B2CA0D4005F80E0 /* PRPlayAreaMainViewController.xib */,
			);
			name = Play;
			sourceTree = "<group>";
		};
		EDAB132B1B2C9EE3005F80E0 /* Learn */ = {
			isa = PBXGroup;
			children = (
				ED2977861B2CCD7200A9E9DE /* PRLearnLevelViewController.h */,
				ED2977871B2CCD7200A9E9DE /* PRLearnLevelViewController.m */,
				ED2977891B2CCF2000A9E9DE /* PRLearnAreaViewController.h */,
				ED29778A1B2CCF2000A9E9DE /* PRLearnAreaViewController.m */,
				ED29778B1B2CCF2000A9E9DE /* PRLearnAreaViewController.xib */,
			);
			name = Learn;
			sourceTree = "<group>";
		};
		EDAB132F1B2CA040005F80E0 /* Cells */ = {
			isa = PBXGroup;
			children = (
				EDAB13301B2CA064005F80E0 /* PRMainMenuCells.h */,
				EDAB13311B2CA064005F80E0 /* PRMainMenuCells.m */,
				EDAB13321B2CA064005F80E0 /* PRMainMenuCells.xib */,
			);
			name = Cells;
			sourceTree = "<group>";
		};
/* End PBXGroup section */

/* Begin PBXNativeTarget section */
		ED58CB9A1B2C914B00E2ACF9 /* PaadamRandu */ = {
			isa = PBXNativeTarget;
			buildConfigurationList = ED58CBC11B2C914B00E2ACF9 /* Build configuration list for PBXNativeTarget "PaadamRandu" */;
			buildPhases = (
				B04047A507081BB09F3D5A61 /* Check Pods Manifest.lock */,
				ED58CB971B2C914B00E2ACF9 /* Sources */,
				ED58CB981B2C914B00E2ACF9 /* Frameworks */,
				ED58CB991B2C914B00E2ACF9 /* Resources */,
				505036154A6CBCE49759DCE7 /* Copy Pods Resources */,
			);
			buildRules = (
			);
			dependencies = (
			);
			name = PaadamRandu;
			productName = PaadamRandu;
			productReference = ED58CB9B1B2C914B00E2ACF9 /* PaadamRandu.app */;
			productType = "com.apple.product-type.application";
		};
		ED58CBB61B2C914B00E2ACF9 /* PaadamRanduTests */ = {
			isa = PBXNativeTarget;
			buildConfigurationList = ED58CBC41B2C914B00E2ACF9 /* Build configuration list for PBXNativeTarget "PaadamRanduTests" */;
			buildPhases = (
				A0C45279B6280190248EB576 /* Check Pods Manifest.lock */,
				ED58CBB31B2C914B00E2ACF9 /* Sources */,
				ED58CBB41B2C914B00E2ACF9 /* Frameworks */,
				ED58CBB51B2C914B00E2ACF9 /* Resources */,
				D38C6A451F9AE60DEE21603D /* Copy Pods Resources */,
			);
			buildRules = (
			);
			dependencies = (
				ED58CBB91B2C914B00E2ACF9 /* PBXTargetDependency */,
			);
			name = PaadamRanduTests;
			productName = PaadamRanduTests;
			productReference = ED58CBB71B2C914B00E2ACF9 /* PaadamRanduTests.xctest */;
			productType = "com.apple.product-type.bundle.unit-test";
		};
/* End PBXNativeTarget section */

/* Begin PBXProject section */
		ED58CB931B2C914B00E2ACF9 /* Project object */ = {
			isa = PBXProject;
			attributes = {
				CLASSPREFIX = PR;
				LastUpgradeCheck = 0630;
				ORGANIZATIONNAME = "Abbin Varghese";
				TargetAttributes = {
					ED58CB9A1B2C914B00E2ACF9 = {
						CreatedOnToolsVersion = 6.3.2;
					};
					ED58CBB61B2C914B00E2ACF9 = {
						CreatedOnToolsVersion = 6.3.2;
						TestTargetID = ED58CB9A1B2C914B00E2ACF9;
					};
				};
			};
			buildConfigurationList = ED58CB961B2C914B00E2ACF9 /* Build configuration list for PBXProject "PaadamRandu" */;
			compatibilityVersion = "Xcode 3.2";
			developmentRegion = English;
			hasScannedForEncodings = 0;
			knownRegions = (
				en,
				Base,
			);
			mainGroup = ED58CB921B2C914B00E2ACF9;
			productRefGroup = ED58CB9C1B2C914B00E2ACF9 /* Products */;
			projectDirPath = "";
			projectRoot = "";
			targets = (
				ED58CB9A1B2C914B00E2ACF9 /* PaadamRandu */,
				ED58CBB61B2C914B00E2ACF9 /* PaadamRanduTests */,
			);
		};
/* End PBXProject section */

/* Begin PBXResourcesBuildPhase section */
		ED58CB991B2C914B00E2ACF9 /* Resources */ = {
			isa = PBXResourcesBuildPhase;
			buildActionMask = 2147483647;
			files = (
				ED29778D1B2CCF2000A9E9DE /* PRLearnAreaViewController.xib in Resources */,
				EDAB13391B2CA0D4005F80E0 /* PRPlayAreaMainViewController.xib in Resources */,
				ED58CBAD1B2C914B00E2ACF9 /* Main.storyboard in Resources */,
				ED58CBB21B2C914B00E2ACF9 /* LaunchScreen.xib in Resources */,
				ED58CBAF1B2C914B00E2ACF9 /* Images.xcassets in Resources */,
				EDAB13341B2CA064005F80E0 /* PRMainMenuCells.xib in Resources */,
			);
			runOnlyForDeploymentPostprocessing = 0;
		};
		ED58CBB51B2C914B00E2ACF9 /* Resources */ = {
			isa = PBXResourcesBuildPhase;
			buildActionMask = 2147483647;
			files = (
			);
			runOnlyForDeploymentPostprocessing = 0;
		};
/* End PBXResourcesBuildPhase section */

/* Begin PBXShellScriptBuildPhase section */
		505036154A6CBCE49759DCE7 /* Copy Pods Resources */ = {
			isa = PBXShellScriptBuildPhase;
			buildActionMask = 2147483647;
			files = (
			);
			inputPaths = (
			);
			name = "Copy Pods Resources";
			outputPaths = (
			);
			runOnlyForDeploymentPostprocessing = 0;
			shellPath = /bin/sh;
			shellScript = "\"${SRCROOT}/Pods/Target Support Files/Pods-PaadamRandu/Pods-PaadamRandu-resources.sh\"\n";
			showEnvVarsInLog = 0;
		};
		A0C45279B6280190248EB576 /* Check Pods Manifest.lock */ = {
			isa = PBXShellScriptBuildPhase;
			buildActionMask = 2147483647;
			files = (
			);
			inputPaths = (
			);
			name = "Check Pods Manifest.lock";
			outputPaths = (
			);
			runOnlyForDeploymentPostprocessing = 0;
			shellPath = /bin/sh;
			shellScript = "diff \"${PODS_ROOT}/../Podfile.lock\" \"${PODS_ROOT}/Manifest.lock\" > /dev/null\nif [[ $? != 0 ]] ; then\n    cat << EOM\nerror: The sandbox is not in sync with the Podfile.lock. Run 'pod install' or update your CocoaPods installation.\nEOM\n    exit 1\nfi\n";
			showEnvVarsInLog = 0;
		};
		B04047A507081BB09F3D5A61 /* Check Pods Manifest.lock */ = {
			isa = PBXShellScriptBuildPhase;
			buildActionMask = 2147483647;
			files = (
			);
			inputPaths = (
			);
			name = "Check Pods Manifest.lock";
			outputPaths = (
			);
			runOnlyForDeploymentPostprocessing = 0;
			shellPath = /bin/sh;
			shellScript = "diff \"${PODS_ROOT}/../Podfile.lock\" \"${PODS_ROOT}/Manifest.lock\" > /dev/null\nif [[ $? != 0 ]] ; then\n    cat << EOM\nerror: The sandbox is not in sync with the Podfile.lock. Run 'pod install' or update your CocoaPods installation.\nEOM\n    exit 1\nfi\n";
			showEnvVarsInLog = 0;
		};
		D38C6A451F9AE60DEE21603D /* Copy Pods Resources */ = {
			isa = PBXShellScriptBuildPhase;
			buildActionMask = 2147483647;
			files = (
			);
			inputPaths = (
			);
			name = "Copy Pods Resources";
			outputPaths = (
			);
			runOnlyForDeploymentPostprocessing = 0;
			shellPath = /bin/sh;
			shellScript = "\"${SRCROOT}/Pods/Target Support Files/Pods-PaadamRanduTests/Pods-PaadamRanduTests-resources.sh\"\n";
			showEnvVarsInLog = 0;
		};
/* End PBXShellScriptBuildPhase section */

/* Begin PBXSourcesBuildPhase section */
		ED58CB971B2C914B00E2ACF9 /* Sources */ = {
			isa = PBXSourcesBuildPhase;
			buildActionMask = 2147483647;
			files = (
				ED58CBA41B2C914B00E2ACF9 /* AppDelegate.m in Sources */,
				EDAB132E1B2C9F50005F80E0 /* PRPlayLevelViewController.m in Sources */,
				ED29778C1B2CCF2000A9E9DE /* PRLearnAreaViewController.m in Sources */,
				EDAB13331B2CA064005F80E0 /* PRMainMenuCells.m in Sources */,
				ED58CBA71B2C914B00E2ACF9 /* PaadamRandu.xcdatamodeld in Sources */,
				ED2977881B2CCD7200A9E9DE /* PRLearnLevelViewController.m in Sources */,
				EDAB13381B2CA0D4005F80E0 /* PRPlayAreaMainViewController.m in Sources */,
				ED58CBA11B2C914B00E2ACF9 /* main.m in Sources */,
			);
			runOnlyForDeploymentPostprocessing = 0;
		};
		ED58CBB31B2C914B00E2ACF9 /* Sources */ = {
			isa = PBXSourcesBuildPhase;
			buildActionMask = 2147483647;
			files = (
				ED58CBBE1B2C914B00E2ACF9 /* PaadamRanduTests.m in Sources */,
			);
			runOnlyForDeploymentPostprocessing = 0;
		};
/* End PBXSourcesBuildPhase section */

/* Begin PBXTargetDependency section */
		ED58CBB91B2C914B00E2ACF9 /* PBXTargetDependency */ = {
			isa = PBXTargetDependency;
			target = ED58CB9A1B2C914B00E2ACF9 /* PaadamRandu */;
			targetProxy = ED58CBB81B2C914B00E2ACF9 /* PBXContainerItemProxy */;
		};
/* End PBXTargetDependency section */

/* Begin PBXVariantGroup section */
		ED58CBAB1B2C914B00E2ACF9 /* Main.storyboard */ = {
			isa = PBXVariantGroup;
			children = (
				ED58CBAC1B2C914B00E2ACF9 /* Base */,
			);
			name = Main.storyboard;
			sourceTree = "<group>";
		};
		ED58CBB01B2C914B00E2ACF9 /* LaunchScreen.xib */ = {
			isa = PBXVariantGroup;
			children = (
				ED58CBB11B2C914B00E2ACF9 /* Base */,
			);
			name = LaunchScreen.xib;
			sourceTree = "<group>";
		};
/* End PBXVariantGroup section */

/* Begin XCBuildConfiguration section */
		ED58CBBF1B2C914B00E2ACF9 /* Debug */ = {
			isa = XCBuildConfiguration;
			buildSettings = {
				ALWAYS_SEARCH_USER_PATHS = NO;
				CLANG_CXX_LANGUAGE_STANDARD = "gnu++0x";
				CLANG_CXX_LIBRARY = "libc++";
				CLANG_ENABLE_MODULES = YES;
				CLANG_ENABLE_OBJC_ARC = YES;
				CLANG_WARN_BOOL_CONVERSION = YES;
				CLANG_WARN_CONSTANT_CONVERSION = YES;
				CLANG_WARN_DIRECT_OBJC_ISA_USAGE = YES_ERROR;
				CLANG_WARN_EMPTY_BODY = YES;
				CLANG_WARN_ENUM_CONVERSION = YES;
				CLANG_WARN_INT_CONVERSION = YES;
				CLANG_WARN_OBJC_ROOT_CLASS = YES_ERROR;
				CLANG_WARN_UNREACHABLE_CODE = YES;
				CLANG_WARN__DUPLICATE_METHOD_MATCH = YES;
				"CODE_SIGN_IDENTITY[sdk=iphoneos*]" = "iPhone Developer";
				COPY_PHASE_STRIP = NO;
				DEBUG_INFORMATION_FORMAT = "dwarf-with-dsym";
				ENABLE_STRICT_OBJC_MSGSEND = YES;
				GCC_C_LANGUAGE_STANDARD = gnu99;
				GCC_DYNAMIC_NO_PIC = NO;
				GCC_NO_COMMON_BLOCKS = YES;
				GCC_OPTIMIZATION_LEVEL = 0;
				GCC_PREPROCESSOR_DEFINITIONS = (
					"DEBUG=1",
					"$(inherited)",
				);
				GCC_SYMBOLS_PRIVATE_EXTERN = NO;
				GCC_WARN_64_TO_32_BIT_CONVERSION = YES;
				GCC_WARN_ABOUT_RETURN_TYPE = YES_ERROR;
				GCC_WARN_UNDECLARED_SELECTOR = YES;
				GCC_WARN_UNINITIALIZED_AUTOS = YES_AGGRESSIVE;
				GCC_WARN_UNUSED_FUNCTION = YES;
				GCC_WARN_UNUSED_VARIABLE = YES;
				IPHONEOS_DEPLOYMENT_TARGET = 8.3;
				MTL_ENABLE_DEBUG_INFO = YES;
				ONLY_ACTIVE_ARCH = YES;
				SDKROOT = iphoneos;
				TARGETED_DEVICE_FAMILY = 2;
			};
			name = Debug;
		};
		ED58CBC01B2C914B00E2ACF9 /* Release */ = {
			isa = XCBuildConfiguration;
			buildSettings = {
				ALWAYS_SEARCH_USER_PATHS = NO;
				CLANG_CXX_LANGUAGE_STANDARD = "gnu++0x";
				CLANG_CXX_LIBRARY = "libc++";
				CLANG_ENABLE_MODULES = YES;
				CLANG_ENABLE_OBJC_ARC = YES;
				CLANG_WARN_BOOL_CONVERSION = YES;
				CLANG_WARN_CONSTANT_CONVERSION = YES;
				CLANG_WARN_DIRECT_OBJC_ISA_USAGE = YES_ERROR;
				CLANG_WARN_EMPTY_BODY = YES;
				CLANG_WARN_ENUM_CONVERSION = YES;
				CLANG_WARN_INT_CONVERSION = YES;
				CLANG_WARN_OBJC_ROOT_CLASS = YES_ERROR;
				CLANG_WARN_UNREACHABLE_CODE = YES;
				CLANG_WARN__DUPLICATE_METHOD_MATCH = YES;
				"CODE_SIGN_IDENTITY[sdk=iphoneos*]" = "iPhone Developer";
				COPY_PHASE_STRIP = NO;
				DEBUG_INFORMATION_FORMAT = "dwarf-with-dsym";
				ENABLE_NS_ASSERTIONS = NO;
				ENABLE_STRICT_OBJC_MSGSEND = YES;
				GCC_C_LANGUAGE_STANDARD = gnu99;
				GCC_NO_COMMON_BLOCKS = YES;
				GCC_WARN_64_TO_32_BIT_CONVERSION = YES;
				GCC_WARN_ABOUT_RETURN_TYPE = YES_ERROR;
				GCC_WARN_UNDECLARED_SELECTOR = YES;
				GCC_WARN_UNINITIALIZED_AUTOS = YES_AGGRESSIVE;
				GCC_WARN_UNUSED_FUNCTION = YES;
				GCC_WARN_UNUSED_VARIABLE = YES;
				IPHONEOS_DEPLOYMENT_TARGET = 8.3;
				MTL_ENABLE_DEBUG_INFO = NO;
				SDKROOT = iphoneos;
				TARGETED_DEVICE_FAMILY = 2;
				VALIDATE_PRODUCT = YES;
			};
			name = Release;
		};
		ED58CBC21B2C914B00E2ACF9 /* Debug */ = {
			isa = XCBuildConfiguration;
			baseConfigurationReference = 8C2C024C2506F6250EE1CEBA /* Pods-PaadamRandu.debug.xcconfig */;
			buildSettings = {
				ASSETCATALOG_COMPILER_APPICON_NAME = AppIcon;
				INFOPLIST_FILE = PaadamRandu/Info.plist;
				LD_RUNPATH_SEARCH_PATHS = "$(inherited) @executable_path/Frameworks";
				PRODUCT_NAME = "$(TARGET_NAME)";
			};
			name = Debug;
		};
		ED58CBC31B2C914B00E2ACF9 /* Release */ = {
			isa = XCBuildConfiguration;
			baseConfigurationReference = 0AE572311B1F96A3B34E112E /* Pods-PaadamRandu.release.xcconfig */;
			buildSettings = {
				ASSETCATALOG_COMPILER_APPICON_NAME = AppIcon;
				INFOPLIST_FILE = PaadamRandu/Info.plist;
				LD_RUNPATH_SEARCH_PATHS = "$(inherited) @executable_path/Frameworks";
				PRODUCT_NAME = "$(TARGET_NAME)";
			};
			name = Release;
		};
		ED58CBC51B2C914B00E2ACF9 /* Debug */ = {
			isa = XCBuildConfiguration;
			baseConfigurationReference = 31A4C33930687E143AA2AA7C /* Pods-PaadamRanduTests.debug.xcconfig */;
			buildSettings = {
				BUNDLE_LOADER = "$(TEST_HOST)";
				FRAMEWORK_SEARCH_PATHS = (
					"$(SDKROOT)/Developer/Library/Frameworks",
					"$(inherited)",
				);
				GCC_PREPROCESSOR_DEFINITIONS = (
					"DEBUG=1",
					"$(inherited)",
				);
				INFOPLIST_FILE = PaadamRanduTests/Info.plist;
				LD_RUNPATH_SEARCH_PATHS = "$(inherited) @executable_path/Frameworks @loader_path/Frameworks";
				PRODUCT_NAME = "$(TARGET_NAME)";
				TEST_HOST = "$(BUILT_PRODUCTS_DIR)/PaadamRandu.app/PaadamRandu";
			};
			name = Debug;
		};
		ED58CBC61B2C914B00E2ACF9 /* Release */ = {
			isa = XCBuildConfiguration;
			baseConfigurationReference = 7DCB0B33EB39D965E7A31EDC /* Pods-PaadamRanduTests.release.xcconfig */;
			buildSettings = {
				BUNDLE_LOADER = "$(TEST_HOST)";
				FRAMEWORK_SEARCH_PATHS = (
					"$(SDKROOT)/Developer/Library/Frameworks",
					"$(inherited)",
				);
				INFOPLIST_FILE = PaadamRanduTests/Info.plist;
				LD_RUNPATH_SEARCH_PATHS = "$(inherited) @executable_path/Frameworks @loader_path/Frameworks";
				PRODUCT_NAME = "$(TARGET_NAME)";
				TEST_HOST = "$(BUILT_PRODUCTS_DIR)/PaadamRandu.app/PaadamRandu";
			};
			name = Release;
		};
/* End XCBuildConfiguration section */

/* Begin XCConfigurationList section */
		ED58CB961B2C914B00E2ACF9 /* Build configuration list for PBXProject "PaadamRandu" */ = {
			isa = XCConfigurationList;
			buildConfigurations = (
				ED58CBBF1B2C914B00E2ACF9 /* Debug */,
				ED58CBC01B2C914B00E2ACF9 /* Release */,
			);
			defaultConfigurationIsVisible = 0;
			defaultConfigurationName = Release;
		};
		ED58CBC11B2C914B00E2ACF9 /* Build configuration list for PBXNativeTarget "PaadamRandu" */ = {
			isa = XCConfigurationList;
			buildConfigurations = (
				ED58CBC21B2C914B00E2ACF9 /* Debug */,
				ED58CBC31B2C914B00E2ACF9 /* Release */,
			);
			defaultConfigurationIsVisible = 0;
			defaultConfigurationName = Release;
		};
		ED58CBC41B2C914B00E2ACF9 /* Build configuration list for PBXNativeTarget "PaadamRanduTests" */ = {
			isa = XCConfigurationList;
			buildConfigurations = (
				ED58CBC51B2C914B00E2ACF9 /* Debug */,
				ED58CBC61B2C914B00E2ACF9 /* Release */,
			);
			defaultConfigurationIsVisible = 0;
			defaultConfigurationName = Release;
		};
/* End XCConfigurationList section */

/* Begin XCVersionGroup section */
		ED58CBA51B2C914B00E2ACF9 /* PaadamRandu.xcdatamodeld */ = {
			isa = XCVersionGroup;
			children = (
				ED58CBA61B2C914B00E2ACF9 /* PaadamRandu.xcdatamodel */,
			);
			currentVersion = ED58CBA61B2C914B00E2ACF9 /* PaadamRandu.xcdatamodel */;
			path = PaadamRandu.xcdatamodeld;
			sourceTree = "<group>";
			versionGroupType = wrapper.xcdatamodel;
		};
/* End XCVersionGroup section */
	};
	rootObject = ED58CB931B2C914B00E2ACF9 /* Project object */;
}
